
Microsoft Visual Studio Solution File, Format Version 12.00
# Visual Studio Version 17
VisualStudioVersion = 17.0.31903.59
MinimumVisualStudioVersion = 10.0.40219.1
Project("{2150E333-8FDC-42A3-9474-1A3956D46DE8}") = "src", "src", "{827E0CD3-B72D-47B6-A68D-7590B98EB39B}"
EndProject
Project("{2150E333-8FDC-42A3-9474-1A3956D46DE8}") = "Services", "Services", "{984BB9B3-3FA3-BE33-9484-CAC21695A33C}"
EndProject
Project("{2150E333-8FDC-42A3-9474-1A3956D46DE8}") = "MovieCatalog", "MovieCatalog", "{79C8E2EA-AC0A-F399-E59F-188D45A89FDD}"
EndProject
Project("{FAE04EC0-301F-11D3-BF4B-00C04F79EFBC}") = "MovieCatalog.Domain", "src\Services\MovieCatalog\MovieCatalog.Domain\MovieCatalog.Domain.csproj", "{8F9585D4-ABE3-40EF-A51B-B379810EB2A5}"
EndProject
Project("{FAE04EC0-301F-11D3-BF4B-00C04F79EFBC}") = "MovieCatalog.Application", "src\Services\MovieCatalog\MovieCatalog.Application\MovieCatalog.Application.csproj", "{EA6C9361-11E5-43FB-B556-1CD672DB1E03}"
EndProject
Project("{FAE04EC0-301F-11D3-BF4B-00C04F79EFBC}") = "MovieCatalog.Infra", "src\Services\MovieCatalog\MovieCatalog.Infra\MovieCatalog.Infra.csproj", "{3647F956-C521-4FF5-AED9-B40B287B46C2}"
EndProject
Project("{2150E333-8FDC-42A3-9474-1A3956D46DE8}") = "Notifications", "Notifications", "{40B59F69-022F-A9EE-E3B7-096C1E81294B}"
EndProject
Project("{FAE04EC0-301F-11D3-BF4B-00C04F79EFBC}") = "NotificationConsumer.Service", "src\Services\Notifications\NotificationConsumer.Service\NotificationConsumer.Service.csproj", "{19DABB62-C102-450E-A460-93ECE4A30622}"
EndProject
Project("{2150E333-8FDC-42A3-9474-1A3956D46DE8}") = "tests", "tests", "{0AB3BF05-4346-4AA6-1389-037BE0695223}"
EndProject
Project("{FAE04EC0-301F-11D3-BF4B-00C04F79EFBC}") = "MovieCatalog.UnitTests", "tests\MovieCatalog.UnitTests\MovieCatalog.UnitTests.csproj", "{5BE402EA-75C7-40BE-923E-40D63AEFFF84}"
EndProject
Project("{FAE04EC0-301F-11D3-BF4B-00C04F79EFBC}") = "NotificationConsumer.UnitTests", "tests\NotificationConsumer.UnitTests\NotificationConsumer.UnitTests.csproj", "{C7EFC12A-2434-47AD-89DD-2ECEA119803E}"
EndProject
Project("{FAE04EC0-301F-11D3-BF4B-00C04F79EFBC}") = "MovieCatalog.API", "src\Services\MovieCatalog\MovieCatalog.API\MovieCatalog.API.csproj", "{3366B689-9936-4B3C-A626-347E5EF40AE0}"
EndProject
Global
	GlobalSection(SolutionConfigurationPlatforms) = preSolution
		Debug|Any CPU = Debug|Any CPU
		Debug|x64 = Debug|x64
		Debug|x86 = Debug|x86
		Release|Any CPU = Release|Any CPU
		Release|x64 = Release|x64
		Release|x86 = Release|x86
	EndGlobalSection
	GlobalSection(ProjectConfigurationPlatforms) = postSolution
		{8F9585D4-ABE3-40EF-A51B-B379810EB2A5}.Debug|Any CPU.ActiveCfg = Debug|Any CPU
		{8F9585D4-ABE3-40EF-A51B-B379810EB2A5}.Debug|Any CPU.Build.0 = Debug|Any CPU
		{8F9585D4-ABE3-40EF-A51B-B379810EB2A5}.Debug|x64.ActiveCfg = Debug|Any CPU
		{8F9585D4-ABE3-40EF-A51B-B379810EB2A5}.Debug|x64.Build.0 = Debug|Any CPU
		{8F9585D4-ABE3-40EF-A51B-B379810EB2A5}.Debug|x86.ActiveCfg = Debug|Any CPU
		{8F9585D4-ABE3-40EF-A51B-B379810EB2A5}.Debug|x86.Build.0 = Debug|Any CPU
		{8F9585D4-ABE3-40EF-A51B-B379810EB2A5}.Release|Any CPU.ActiveCfg = Release|Any CPU
		{8F9585D4-ABE3-40EF-A51B-B379810EB2A5}.Release|Any CPU.Build.0 = Release|Any CPU
		{8F9585D4-ABE3-40EF-A51B-B379810EB2A5}.Release|x64.ActiveCfg = Release|Any CPU
		{8F9585D4-ABE3-40EF-A51B-B379810EB2A5}.Release|x64.Build.0 = Release|Any CPU
		{8F9585D4-ABE3-40EF-A51B-B379810EB2A5}.Release|x86.ActiveCfg = Release|Any CPU
		{8F9585D4-ABE3-40EF-A51B-B379810EB2A5}.Release|x86.Build.0 = Release|Any CPU
		{EA6C9361-11E5-43FB-B556-1CD672DB1E03}.Debug|Any CPU.ActiveCfg = Debug|Any CPU
		{EA6C9361-11E5-43FB-B556-1CD672DB1E03}.Debug|Any CPU.Build.0 = Debug|Any CPU
		{EA6C9361-11E5-43FB-B556-1CD672DB1E03}.Debug|x64.ActiveCfg = Debug|Any CPU
		{EA6C9361-11E5-43FB-B556-1CD672DB1E03}.Debug|x64.Build.0 = Debug|Any CPU
		{EA6C9361-11E5-43FB-B556-1CD672DB1E03}.Debug|x86.ActiveCfg = Debug|Any CPU
		{EA6C9361-11E5-43FB-B556-1CD672DB1E03}.Debug|x86.Build.0 = Debug|Any CPU
		{EA6C9361-11E5-43FB-B556-1CD672DB1E03}.Release|Any CPU.ActiveCfg = Release|Any CPU
		{EA6C9361-11E5-43FB-B556-1CD672DB1E03}.Release|Any CPU.Build.0 = Release|Any CPU
		{EA6C9361-11E5-43FB-B556-1CD672DB1E03}.Release|x64.ActiveCfg = Release|Any CPU
		{EA6C9361-11E5-43FB-B556-1CD672DB1E03}.Release|x64.Build.0 = Release|Any CPU
		{EA6C9361-11E5-43FB-B556-1CD672DB1E03}.Release|x86.ActiveCfg = Release|Any CPU
		{EA6C9361-11E5-43FB-B556-1CD672DB1E03}.Release|x86.Build.0 = Release|Any CPU
		{3647F956-C521-4FF5-AED9-B40B287B46C2}.Debug|Any CPU.ActiveCfg = Debug|Any CPU
		{3647F956-C521-4FF5-AED9-B40B287B46C2}.Debug|Any CPU.Build.0 = Debug|Any CPU
		{3647F956-C521-4FF5-AED9-B40B287B46C2}.Debug|x64.ActiveCfg = Debug|Any CPU
		{3647F956-C521-4FF5-AED9-B40B287B46C2}.Debug|x64.Build.0 = Debug|Any CPU
		{3647F956-C521-4FF5-AED9-B40B287B46C2}.Debug|x86.ActiveCfg = Debug|Any CPU
		{3647F956-C521-4FF5-AED9-B40B287B46C2}.Debug|x86.Build.0 = Debug|Any CPU
		{3647F956-C521-4FF5-AED9-B40B287B46C2}.Release|Any CPU.ActiveCfg = Release|Any CPU
		{3647F956-C521-4FF5-AED9-B40B287B46C2}.Release|Any CPU.Build.0 = Release|Any CPU
		{3647F956-C521-4FF5-AED9-B40B287B46C2}.Release|x64.ActiveCfg = Release|Any CPU
		{3647F956-C521-4FF5-AED9-B40B287B46C2}.Release|x64.Build.0 = Release|Any CPU
		{3647F956-C521-4FF5-AED9-B40B287B46C2}.Release|x86.ActiveCfg = Release|Any CPU
		{3647F956-C521-4FF5-AED9-B40B287B46C2}.Release|x86.Build.0 = Release|Any CPU
		{19DABB62-C102-450E-A460-93ECE4A30622}.Debug|Any CPU.ActiveCfg = Debug|Any CPU
		{19DABB62-C102-450E-A460-93ECE4A30622}.Debug|Any CPU.Build.0 = Debug|Any CPU
		{19DABB62-C102-450E-A460-93ECE4A30622}.Debug|x64.ActiveCfg = Debug|Any CPU
		{19DABB62-C102-450E-A460-93ECE4A30622}.Debug|x64.Build.0 = Debug|Any CPU
		{19DABB62-C102-450E-A460-93ECE4A30622}.Debug|x86.ActiveCfg = Debug|Any CPU
		{19DABB62-C102-450E-A460-93ECE4A30622}.Debug|x86.Build.0 = Debug|Any CPU
		{19DABB62-C102-450E-A460-93ECE4A30622}.Release|Any CPU.ActiveCfg = Release|Any CPU
		{19DABB62-C102-450E-A460-93ECE4A30622}.Release|Any CPU.Build.0 = Release|Any CPU
		{19DABB62-C102-450E-A460-93ECE4A30622}.Release|x64.ActiveCfg = Release|Any CPU
		{19DABB62-C102-450E-A460-93ECE4A30622}.Release|x64.Build.0 = Release|Any CPU
		{19DABB62-C102-450E-A460-93ECE4A30622}.Release|x86.ActiveCfg = Release|Any CPU
		{19DABB62-C102-450E-A460-93ECE4A30622}.Release|x86.Build.0 = Release|Any CPU
		{5BE402EA-75C7-40BE-923E-40D63AEFFF84}.Debug|Any CPU.ActiveCfg = Debug|Any CPU
		{5BE402EA-75C7-40BE-923E-40D63AEFFF84}.Debug|Any CPU.Build.0 = Debug|Any CPU
		{5BE402EA-75C7-40BE-923E-40D63AEFFF84}.Debug|x64.ActiveCfg = Debug|Any CPU
		{5BE402EA-75C7-40BE-923E-40D63AEFFF84}.Debug|x64.Build.0 = Debug|Any CPU
		{5BE402EA-75C7-40BE-923E-40D63AEFFF84}.Debug|x86.ActiveCfg = Debug|Any CPU
		{5BE402EA-75C7-40BE-923E-40D63AEFFF84}.Debug|x86.Build.0 = Debug|Any CPU
		{5BE402EA-75C7-40BE-923E-40D63AEFFF84}.Release|Any CPU.ActiveCfg = Release|Any CPU
		{5BE402EA-75C7-40BE-923E-40D63AEFFF84}.Release|Any CPU.Build.0 = Release|Any CPU
		{5BE402EA-75C7-40BE-923E-40D63AEFFF84}.Release|x64.ActiveCfg = Release|Any CPU
		{5BE402EA-75C7-40BE-923E-40D63AEFFF84}.Release|x64.Build.0 = Release|Any CPU
		{5BE402EA-75C7-40BE-923E-40D63AEFFF84}.Release|x86.ActiveCfg = Release|Any CPU
		{5BE402EA-75C7-40BE-923E-40D63AEFFF84}.Release|x86.Build.0 = Release|Any CPU
		{C7EFC12A-2434-47AD-89DD-2ECEA119803E}.Debug|Any CPU.ActiveCfg = Debug|Any CPU
		{C7EFC12A-2434-47AD-89DD-2ECEA119803E}.Debug|Any CPU.Build.0 = Debug|Any CPU
		{C7EFC12A-2434-47AD-89DD-2ECEA119803E}.Debug|x64.ActiveCfg = Debug|Any CPU
		{C7EFC12A-2434-47AD-89DD-2ECEA119803E}.Debug|x64.Build.0 = Debug|Any CPU
		{C7EFC12A-2434-47AD-89DD-2ECEA119803E}.Debug|x86.ActiveCfg = Debug|Any CPU
		{C7EFC12A-2434-47AD-89DD-2ECEA119803E}.Debug|x86.Build.0 = Debug|Any CPU
		{C7EFC12A-2434-47AD-89DD-2ECEA119803E}.Release|Any CPU.ActiveCfg = Release|Any CPU
		{C7EFC12A-2434-47AD-89DD-2ECEA119803E}.Release|Any CPU.Build.0 = Release|Any CPU
		{C7EFC12A-2434-47AD-89DD-2ECEA119803E}.Release|x64.ActiveCfg = Release|Any CPU
		{C7EFC12A-2434-47AD-89DD-2ECEA119803E}.Release|x64.Build.0 = Release|Any CPU
		{C7EFC12A-2434-47AD-89DD-2ECEA119803E}.Release|x86.ActiveCfg = Release|Any CPU
		{C7EFC12A-2434-47AD-89DD-2ECEA119803E}.Release|x86.Build.0 = Release|Any CPU
		{3366B689-9936-4B3C-A626-347E5EF40AE0}.Debug|Any CPU.ActiveCfg = Debug|Any CPU
		{3366B689-9936-4B3C-A626-347E5EF40AE0}.Debug|Any CPU.Build.0 = Debug|Any CPU
		{3366B689-9936-4B3C-A626-347E5EF40AE0}.Debug|x64.ActiveCfg = Debug|Any CPU
		{3366B689-9936-4B3C-A626-347E5EF40AE0}.Debug|x64.Build.0 = Debug|Any CPU
		{3366B689-9936-4B3C-A626-347E5EF40AE0}.Debug|x86.ActiveCfg = Debug|Any CPU
		{3366B689-9936-4B3C-A626-347E5EF40AE0}.Debug|x86.Build.0 = Debug|Any CPU
		{3366B689-9936-4B3C-A626-347E5EF40AE0}.Release|Any CPU.ActiveCfg = Release|Any CPU
		{3366B689-9936-4B3C-A626-347E5EF40AE0}.Release|Any CPU.Build.0 = Release|Any CPU
		{3366B689-9936-4B3C-A626-347E5EF40AE0}.Release|x64.ActiveCfg = Release|Any CPU
		{3366B689-9936-4B3C-A626-347E5EF40AE0}.Release|x64.Build.0 = Release|Any CPU
		{3366B689-9936-4B3C-A626-347E5EF40AE0}.Release|x86.ActiveCfg = Release|Any CPU
		{3366B689-9936-4B3C-A626-347E5EF40AE0}.Release|x86.Build.0 = Release|Any CPU
	EndGlobalSection
	GlobalSection(SolutionProperties) = preSolution
		HideSolutionNode = FALSE
	EndGlobalSection
	GlobalSection(NestedProjects) = preSolution
		{984BB9B3-3FA3-BE33-9484-CAC21695A33C} = {827E0CD3-B72D-47B6-A68D-7590B98EB39B}
		{79C8E2EA-AC0A-F399-E59F-188D45A89FDD} = {984BB9B3-3FA3-BE33-9484-CAC21695A33C}
		{8F9585D4-ABE3-40EF-A51B-B379810EB2A5} = {79C8E2EA-AC0A-F399-E59F-188D45A89FDD}
		{EA6C9361-11E5-43FB-B556-1CD672DB1E03} = {79C8E2EA-AC0A-F399-E59F-188D45A89FDD}
		{3647F956-C521-4FF5-AED9-B40B287B46C2} = {79C8E2EA-AC0A-F399-E59F-188D45A89FDD}
		{40B59F69-022F-A9EE-E3B7-096C1E81294B} = {984BB9B3-3FA3-BE33-9484-CAC21695A33C}
		{19DABB62-C102-450E-A460-93ECE4A30622} = {40B59F69-022F-A9EE-E3B7-096C1E81294B}
		{5BE402EA-75C7-40BE-923E-40D63AEFFF84} = {0AB3BF05-4346-4AA6-1389-037BE0695223}
		{C7EFC12A-2434-47AD-89DD-2ECEA119803E} = {0AB3BF05-4346-4AA6-1389-037BE0695223}
		{3366B689-9936-4B3C-A626-347E5EF40AE0} = {79C8E2EA-AC0A-F399-E59F-188D45A89FDD}
	EndGlobalSection
EndGlobal
